
Microsoft Visual Studio Solution File, Format Version 12.00
# Visual Studio Version 17
VisualStudioVersion = 17.5.33516.290
MinimumVisualStudioVersion = 10.0.40219.1
Project("{FAE04EC0-301F-11D3-BF4B-00C04F79EFBC}") = "bromeroExamen.Android", "bromeroExamen\bromeroExamen.Android\bromeroExamen.Android.csproj", "{EBBE8C54-3AC0-4B1A-BEA9-977E710C10BD}"
EndProject
Project("{FAE04EC0-301F-11D3-BF4B-00C04F79EFBC}") = "bromeroExamen.iOS", "bromeroExamen\bromeroExamen.iOS\bromeroExamen.iOS.csproj", "{81289832-B29D-4E72-ACDE-4E1832196EF0}"
EndProject
Project("{FAE04EC0-301F-11D3-BF4B-00C04F79EFBC}") = "bromeroExamen", "bromeroExamen\bromeroExamen\bromeroExamen.csproj", "{64D64381-0648-417D-8495-D3E707857B50}"
EndProject
Global
	GlobalSection(SolutionConfigurationPlatforms) = preSolution
		Debug|Any CPU = Debug|Any CPU
		Debug|iPhone = Debug|iPhone
		Debug|iPhoneSimulator = Debug|iPhoneSimulator
		Release|Any CPU = Release|Any CPU
		Release|iPhone = Release|iPhone
		Release|iPhoneSimulator = Release|iPhoneSimulator
	EndGlobalSection
	GlobalSection(ProjectConfigurationPlatforms) = postSolution
		{EBBE8C54-3AC0-4B1A-BEA9-977E710C10BD}.Debug|Any CPU.ActiveCfg = Debug|Any CPU
		{EBBE8C54-3AC0-4B1A-BEA9-977E710C10BD}.Debug|Any CPU.Build.0 = Debug|Any CPU
		{EBBE8C54-3AC0-4B1A-BEA9-977E710C10BD}.Debug|Any CPU.Deploy.0 = Debug|Any CPU
		{EBBE8C54-3AC0-4B1A-BEA9-977E710C10BD}.Debug|iPhone.ActiveCfg = Debug|Any CPU
		{EBBE8C54-3AC0-4B1A-BEA9-977E710C10BD}.Debug|iPhone.Build.0 = Debug|Any CPU
		{EBBE8C54-3AC0-4B1A-BEA9-977E710C10BD}.Debug|iPhone.Deploy.0 = Debug|Any CPU
		{EBBE8C54-3AC0-4B1A-BEA9-977E710C10BD}.Debug|iPhoneSimulator.ActiveCfg = Debug|Any CPU
		{EBBE8C54-3AC0-4B1A-BEA9-977E710C10BD}.Debug|iPhoneSimulator.Build.0 = Debug|Any CPU
		{EBBE8C54-3AC0-4B1A-BEA9-977E710C10BD}.Debug|iPhoneSimulator.Deploy.0 = Debug|Any CPU
		{EBBE8C54-3AC0-4B1A-BEA9-977E710C10BD}.Release|Any CPU.ActiveCfg = Release|Any CPU
		{EBBE8C54-3AC0-4B1A-BEA9-977E710C10BD}.Release|Any CPU.Build.0 = Release|Any CPU
		{EBBE8C54-3AC0-4B1A-BEA9-977E710C10BD}.Release|Any CPU.Deploy.0 = Release|Any CPU
		{EBBE8C54-3AC0-4B1A-BEA9-977E710C10BD}.Release|iPhone.ActiveCfg = Release|Any CPU
		{EBBE8C54-3AC0-4B1A-BEA9-977E710C10BD}.Release|iPhone.Build.0 = Release|Any CPU
		{EBBE8C54-3AC0-4B1A-BEA9-977E710C10BD}.Release|iPhone.Deploy.0 = Release|Any CPU
		{EBBE8C54-3AC0-4B1A-BEA9-977E710C10BD}.Release|iPhoneSimulator.ActiveCfg = Release|Any CPU
		{EBBE8C54-3AC0-4B1A-BEA9-977E710C10BD}.Release|iPhoneSimulator.Build.0 = Release|Any CPU
		{EBBE8C54-3AC0-4B1A-BEA9-977E710C10BD}.Release|iPhoneSimulator.Deploy.0 = Release|Any CPU
		{81289832-B29D-4E72-ACDE-4E1832196EF0}.Debug|Any CPU.ActiveCfg = Debug|iPhone
		{81289832-B29D-4E72-ACDE-4E1832196EF0}.Debug|Any CPU.Build.0 = Debug|iPhone
		{81289832-B29D-4E72-ACDE-4E1832196EF0}.Debug|Any CPU.Deploy.0 = Debug|iPhone
		{81289832-B29D-4E72-ACDE-4E1832196EF0}.Debug|iPhone.ActiveCfg = Debug|iPhone
		{81289832-B29D-4E72-ACDE-4E1832196EF0}.Debug|iPhone.Build.0 = Debug|iPhone
		{81289832-B29D-4E72-ACDE-4E1832196EF0}.Debug|iPhone.Deploy.0 = Debug|iPhone
		{81289832-B29D-4E72-ACDE-4E1832196EF0}.Debug|iPhoneSimulator.ActiveCfg = Debug|iPhoneSimulator
		{81289832-B29D-4E72-ACDE-4E1832196EF0}.Debug|iPhoneSimulator.Build.0 = Debug|iPhoneSimulator
		{81289832-B29D-4E72-ACDE-4E1832196EF0}.Debug|iPhoneSimulator.Deploy.0 = Debug|iPhoneSimulator
		{81289832-B29D-4E72-ACDE-4E1832196EF0}.Release|Any CPU.ActiveCfg = Release|iPhoneSimulator
		{81289832-B29D-4E72-ACDE-4E1832196EF0}.Release|Any CPU.Build.0 = Release|iPhoneSimulator
		{81289832-B29D-4E72-ACDE-4E1832196EF0}.Release|Any CPU.Deploy.0 = Release|iPhoneSimulator
		{81289832-B29D-4E72-ACDE-4E1832196EF0}.Release|iPhone.ActiveCfg = Release|iPhone
		{81289832-B29D-4E72-ACDE-4E1832196EF0}.Release|iPhone.Build.0 = Release|iPhone
		{81289832-B29D-4E72-ACDE-4E1832196EF0}.Release|iPhone.Deploy.0 = Release|iPhone
		{81289832-B29D-4E72-ACDE-4E1832196EF0}.Release|iPhoneSimulator.ActiveCfg = Release|iPhoneSimulator
		{81289832-B29D-4E72-ACDE-4E1832196EF0}.Release|iPhoneSimulator.Build.0 = Release|iPhoneSimulator
		{81289832-B29D-4E72-ACDE-4E1832196EF0}.Release|iPhoneSimulator.Deploy.0 = Release|iPhoneSimulator
		{64D64381-0648-417D-8495-D3E707857B50}.Debug|Any CPU.ActiveCfg = Debug|Any CPU
		{64D64381-0648-417D-8495-D3E707857B50}.Debug|Any CPU.Build.0 = Debug|Any CPU
		{64D64381-0648-417D-8495-D3E707857B50}.Debug|Any CPU.Deploy.0 = Debug|Any CPU
		{64D64381-0648-417D-8495-D3E707857B50}.Debug|iPhone.ActiveCfg = Debug|Any CPU
		{64D64381-0648-417D-8495-D3E707857B50}.Debug|iPhone.Build.0 = Debug|Any CPU
		{64D64381-0648-417D-8495-D3E707857B50}.Debug|iPhone.Deploy.0 = Debug|Any CPU
		{64D64381-0648-417D-8495-D3E707857B50}.Debug|iPhoneSimulator.ActiveCfg = Debug|Any CPU
		{64D64381-0648-417D-8495-D3E707857B50}.Debug|iPhoneSimulator.Build.0 = Debug|Any CPU
		{64D64381-0648-417D-8495-D3E707857B50}.Debug|iPhoneSimulator.Deploy.0 = Debug|Any CPU
		{64D64381-0648-417D-8495-D3E707857B50}.Release|Any CPU.ActiveCfg = Release|Any CPU
		{64D64381-0648-417D-8495-D3E707857B50}.Release|Any CPU.Build.0 = Release|Any CPU
		{64D64381-0648-417D-8495-D3E707857B50}.Release|Any CPU.Deploy.0 = Release|Any CPU
		{64D64381-0648-417D-8495-D3E707857B50}.Release|iPhone.ActiveCfg = Release|Any CPU
		{64D64381-0648-417D-8495-D3E707857B50}.Release|iPhone.Build.0 = Release|Any CPU
		{64D64381-0648-417D-8495-D3E707857B50}.Release|iPhone.Deploy.0 = Release|Any CPU
		{64D64381-0648-417D-8495-D3E707857B50}.Release|iPhoneSimulator.ActiveCfg = Release|Any CPU
		{64D64381-0648-417D-8495-D3E707857B50}.Release|iPhoneSimulator.Build.0 = Release|Any CPU
		{64D64381-0648-417D-8495-D3E707857B50}.Release|iPhoneSimulator.Deploy.0 = Release|Any CPU
	EndGlobalSection
	GlobalSection(SolutionProperties) = preSolution
		HideSolutionNode = FALSE
	EndGlobalSection
	GlobalSection(ExtensibilityGlobals) = postSolution
		SolutionGuid = {6EFEECD2-060E-46BE-81DB-DB9E9E8F51CF}
	EndGlobalSection
EndGlobal
